
Microsoft Visual Studio Solution File, Format Version 12.00
# Visual Studio Version 17
VisualStudioVersion = 17.7.34221.43
MinimumVisualStudioVersion = 10.0.40219.1
Project("{8BC9CEB8-8B4A-11D0-8D11-00A0C91BC942}") = "T144", "T144\T144.vcxproj", "{857C23D5-65C2-40AF-9D98-D14CE9460E3E}"
EndProject
Project("{8BC9CEB8-8B4A-11D0-8D11-00A0C91BC942}") = "T145", "T145\T145.vcxproj", "{6FA9B196-E827-433C-847B-58A08EBB6A82}"
EndProject
Project("{8BC9CEB8-8B4A-11D0-8D11-00A0C91BC942}") = "T94", "T94\T94.vcxproj", "{043A3A9A-3A8E-4EA8-A500-4F767EE4D98E}"
EndProject
Project("{8BC9CEB8-8B4A-11D0-8D11-00A0C91BC942}") = "T102", "T102\T102.vcxproj", "{3761BE0A-5CEE-4996-B3B3-720FDCF6E21B}"
EndProject
Project("{8BC9CEB8-8B4A-11D0-8D11-00A0C91BC942}") = "T107", "T107\T107.vcxproj", "{0C6D4A21-0772-4FE2-9C44-50D426EF5335}"
EndProject
Project("{8BC9CEB8-8B4A-11D0-8D11-00A0C91BC942}") = "T226", "T226\T226.vcxproj", "{91F561D1-22B0-4329-89E6-4D3CB0C75276}"
EndProject
Project("{8BC9CEB8-8B4A-11D0-8D11-00A0C91BC942}") = "T101", "T101\T101.vcxproj", "{7C42F869-1C8A-46C2-BAFB-93F6C921D0D1}"
EndProject
Project("{8BC9CEB8-8B4A-11D0-8D11-00A0C91BC942}") = "T104", "T104\T104.vcxproj", "{3A5A6886-8820-45BD-9152-F2F1C88138D5}"
EndProject
Project("{8BC9CEB8-8B4A-11D0-8D11-00A0C91BC942}") = "T111", "T111\T111.vcxproj", "{470050A2-7121-4D55-B2F3-A07B03E0D361}"
EndProject
Project("{8BC9CEB8-8B4A-11D0-8D11-00A0C91BC942}") = "T222", "T222\T222.vcxproj", "{A7AC855E-54A2-4888-A18B-BC1DCED5F9DC}"
EndProject
Project("{8BC9CEB8-8B4A-11D0-8D11-00A0C91BC942}") = "T110", "T110\T110.vcxproj", "{6FB8D596-2D3D-4E37-8BDC-D80DAE0D780A}"
EndProject
Project("{8BC9CEB8-8B4A-11D0-8D11-00A0C91BC942}") = "T257", "T257\T257.vcxproj", "{10822080-7E4E-4FE1-8A6B-4B6A72E2C28E}"
EndProject
Project("{8BC9CEB8-8B4A-11D0-8D11-00A0C91BC942}") = "T404", "T404\T404.vcxproj", "{E38792DE-01DF-4BB7-B7AC-1C2A399069A8}"
EndProject
Project("{8BC9CEB8-8B4A-11D0-8D11-00A0C91BC942}") = "T513", "T513\T513.vcxproj", "{B371EE97-DA50-4B0B-9142-1DF03BF7D7D6}"
EndProject
Project("{8BC9CEB8-8B4A-11D0-8D11-00A0C91BC942}") = "T112", "T112\T112.vcxproj", "{AED3AF9B-6EFA-4C60-8CAE-A3D909CAEB37}"
EndProject
Project("{8BC9CEB8-8B4A-11D0-8D11-00A0C91BC942}") = "T654", "T654\T654.vcxproj", "{A1030A2D-27C5-467C-91CE-2ADA01B648AA}"
EndProject
Project("{8BC9CEB8-8B4A-11D0-8D11-00A0C91BC942}") = "T617", "T617\T617.vcxproj", "{476E8218-9B98-4C4C-B408-3924A2F08AD4}"
EndProject
Project("{8BC9CEB8-8B4A-11D0-8D11-00A0C91BC942}") = "T700", "T700\T700.vcxproj", "{1FB31DD6-45F1-4460-8E4B-CE3CDEFE5217}"
EndProject
Project("{8BC9CEB8-8B4A-11D0-8D11-00A0C91BC942}") = "T98", "T98\T98.vcxproj", "{B6AC1EED-1C1A-47C3-8879-80B06FDCE586}"
EndProject
Project("{8BC9CEB8-8B4A-11D0-8D11-00A0C91BC942}") = "T530", "T530\T530.vcxproj", "{8BFFF320-E4B6-484C-B30C-722FAE4A0042}"
EndProject
Project("{8BC9CEB8-8B4A-11D0-8D11-00A0C91BC942}") = "T501", "T501\T501.vcxproj", "{DD0B1029-91E4-43EC-91DC-7A72D9F0AC1B}"
EndProject
Project("{8BC9CEB8-8B4A-11D0-8D11-00A0C91BC942}") = "T106", "T106\T106.vcxproj", "{AA0BA095-BA21-4F53-BF9B-32F88DFDA00F}"
EndProject
Project("{8BC9CEB8-8B4A-11D0-8D11-00A0C91BC942}") = "T236", "T236\T236.vcxproj", "{6B3A3219-BD70-48DF-B9E0-94F9EB59307D}"
EndProject
Global
	GlobalSection(SolutionConfigurationPlatforms) = preSolution
		Debug|x64 = Debug|x64
		Debug|x86 = Debug|x86
		Release|x64 = Release|x64
		Release|x86 = Release|x86
	EndGlobalSection
	GlobalSection(ProjectConfigurationPlatforms) = postSolution
		{857C23D5-65C2-40AF-9D98-D14CE9460E3E}.Debug|x64.ActiveCfg = Debug|x64
		{857C23D5-65C2-40AF-9D98-D14CE9460E3E}.Debug|x64.Build.0 = Debug|x64
		{857C23D5-65C2-40AF-9D98-D14CE9460E3E}.Debug|x86.ActiveCfg = Debug|Win32
		{857C23D5-65C2-40AF-9D98-D14CE9460E3E}.Debug|x86.Build.0 = Debug|Win32
		{857C23D5-65C2-40AF-9D98-D14CE9460E3E}.Release|x64.ActiveCfg = Release|x64
		{857C23D5-65C2-40AF-9D98-D14CE9460E3E}.Release|x64.Build.0 = Release|x64
		{857C23D5-65C2-40AF-9D98-D14CE9460E3E}.Release|x86.ActiveCfg = Release|Win32
		{857C23D5-65C2-40AF-9D98-D14CE9460E3E}.Release|x86.Build.0 = Release|Win32
		{6FA9B196-E827-433C-847B-58A08EBB6A82}.Debug|x64.ActiveCfg = Debug|x64
		{6FA9B196-E827-433C-847B-58A08EBB6A82}.Debug|x64.Build.0 = Debug|x64
		{6FA9B196-E827-433C-847B-58A08EBB6A82}.Debug|x86.ActiveCfg = Debug|Win32
		{6FA9B196-E827-433C-847B-58A08EBB6A82}.Debug|x86.Build.0 = Debug|Win32
		{6FA9B196-E827-433C-847B-58A08EBB6A82}.Release|x64.ActiveCfg = Release|x64
		{6FA9B196-E827-433C-847B-58A08EBB6A82}.Release|x64.Build.0 = Release|x64
		{6FA9B196-E827-433C-847B-58A08EBB6A82}.Release|x86.ActiveCfg = Release|Win32
		{6FA9B196-E827-433C-847B-58A08EBB6A82}.Release|x86.Build.0 = Release|Win32
		{043A3A9A-3A8E-4EA8-A500-4F767EE4D98E}.Debug|x64.ActiveCfg = Debug|x64
		{043A3A9A-3A8E-4EA8-A500-4F767EE4D98E}.Debug|x64.Build.0 = Debug|x64
		{043A3A9A-3A8E-4EA8-A500-4F767EE4D98E}.Debug|x86.ActiveCfg = Debug|Win32
		{043A3A9A-3A8E-4EA8-A500-4F767EE4D98E}.Debug|x86.Build.0 = Debug|Win32
		{043A3A9A-3A8E-4EA8-A500-4F767EE4D98E}.Release|x64.ActiveCfg = Release|x64
		{043A3A9A-3A8E-4EA8-A500-4F767EE4D98E}.Release|x64.Build.0 = Release|x64
		{043A3A9A-3A8E-4EA8-A500-4F767EE4D98E}.Release|x86.ActiveCfg = Release|Win32
		{043A3A9A-3A8E-4EA8-A500-4F767EE4D98E}.Release|x86.Build.0 = Release|Win32
		{3761BE0A-5CEE-4996-B3B3-720FDCF6E21B}.Debug|x64.ActiveCfg = Debug|x64
		{3761BE0A-5CEE-4996-B3B3-720FDCF6E21B}.Debug|x64.Build.0 = Debug|x64
		{3761BE0A-5CEE-4996-B3B3-720FDCF6E21B}.Debug|x86.ActiveCfg = Debug|Win32
		{3761BE0A-5CEE-4996-B3B3-720FDCF6E21B}.Debug|x86.Build.0 = Debug|Win32
		{3761BE0A-5CEE-4996-B3B3-720FDCF6E21B}.Release|x64.ActiveCfg = Release|x64
		{3761BE0A-5CEE-4996-B3B3-720FDCF6E21B}.Release|x64.Build.0 = Release|x64
		{3761BE0A-5CEE-4996-B3B3-720FDCF6E21B}.Release|x86.ActiveCfg = Release|Win32
		{3761BE0A-5CEE-4996-B3B3-720FDCF6E21B}.Release|x86.Build.0 = Release|Win32
		{0C6D4A21-0772-4FE2-9C44-50D426EF5335}.Debug|x64.ActiveCfg = Debug|x64
		{0C6D4A21-0772-4FE2-9C44-50D426EF5335}.Debug|x64.Build.0 = Debug|x64
		{0C6D4A21-0772-4FE2-9C44-50D426EF5335}.Debug|x86.ActiveCfg = Debug|Win32
		{0C6D4A21-0772-4FE2-9C44-50D426EF5335}.Debug|x86.Build.0 = Debug|Win32
		{0C6D4A21-0772-4FE2-9C44-50D426EF5335}.Release|x64.ActiveCfg = Release|x64
		{0C6D4A21-0772-4FE2-9C44-50D426EF5335}.Release|x64.Build.0 = Release|x64
		{0C6D4A21-0772-4FE2-9C44-50D426EF5335}.Release|x86.ActiveCfg = Release|Win32
		{0C6D4A21-0772-4FE2-9C44-50D426EF5335}.Release|x86.Build.0 = Release|Win32
		{91F561D1-22B0-4329-89E6-4D3CB0C75276}.Debug|x64.ActiveCfg = Debug|x64
		{91F561D1-22B0-4329-89E6-4D3CB0C75276}.Debug|x64.Build.0 = Debug|x64
		{91F561D1-22B0-4329-89E6-4D3CB0C75276}.Debug|x86.ActiveCfg = Debug|Win32
		{91F561D1-22B0-4329-89E6-4D3CB0C75276}.Debug|x86.Build.0 = Debug|Win32
		{91F561D1-22B0-4329-89E6-4D3CB0C75276}.Release|x64.ActiveCfg = Release|x64
		{91F561D1-22B0-4329-89E6-4D3CB0C75276}.Release|x64.Build.0 = Release|x64
		{91F561D1-22B0-4329-89E6-4D3CB0C75276}.Release|x86.ActiveCfg = Release|Win32
		{91F561D1-22B0-4329-89E6-4D3CB0C75276}.Release|x86.Build.0 = Release|Win32
		{7C42F869-1C8A-46C2-BAFB-93F6C921D0D1}.Debug|x64.ActiveCfg = Debug|x64
		{7C42F869-1C8A-46C2-BAFB-93F6C921D0D1}.Debug|x64.Build.0 = Debug|x64
		{7C42F869-1C8A-46C2-BAFB-93F6C921D0D1}.Debug|x86.ActiveCfg = Debug|Win32
		{7C42F869-1C8A-46C2-BAFB-93F6C921D0D1}.Debug|x86.Build.0 = Debug|Win32
		{7C42F869-1C8A-46C2-BAFB-93F6C921D0D1}.Release|x64.ActiveCfg = Release|x64
		{7C42F869-1C8A-46C2-BAFB-93F6C921D0D1}.Release|x64.Build.0 = Release|x64
		{7C42F869-1C8A-46C2-BAFB-93F6C921D0D1}.Release|x86.ActiveCfg = Release|Win32
		{7C42F869-1C8A-46C2-BAFB-93F6C921D0D1}.Release|x86.Build.0 = Release|Win32
		{3A5A6886-8820-45BD-9152-F2F1C88138D5}.Debug|x64.ActiveCfg = Debug|x64
		{3A5A6886-8820-45BD-9152-F2F1C88138D5}.Debug|x64.Build.0 = Debug|x64
		{3A5A6886-8820-45BD-9152-F2F1C88138D5}.Debug|x86.ActiveCfg = Debug|Win32
		{3A5A6886-8820-45BD-9152-F2F1C88138D5}.Debug|x86.Build.0 = Debug|Win32
		{3A5A6886-8820-45BD-9152-F2F1C88138D5}.Release|x64.ActiveCfg = Release|x64
		{3A5A6886-8820-45BD-9152-F2F1C88138D5}.Release|x64.Build.0 = Release|x64
		{3A5A6886-8820-45BD-9152-F2F1C88138D5}.Release|x86.ActiveCfg = Release|Win32
		{3A5A6886-8820-45BD-9152-F2F1C88138D5}.Release|x86.Build.0 = Release|Win32
		{470050A2-7121-4D55-B2F3-A07B03E0D361}.Debug|x64.ActiveCfg = Debug|x64
		{470050A2-7121-4D55-B2F3-A07B03E0D361}.Debug|x64.Build.0 = Debug|x64
		{470050A2-7121-4D55-B2F3-A07B03E0D361}.Debug|x86.ActiveCfg = Debug|Win32
		{470050A2-7121-4D55-B2F3-A07B03E0D361}.Debug|x86.Build.0 = Debug|Win32
		{470050A2-7121-4D55-B2F3-A07B03E0D361}.Release|x64.ActiveCfg = Release|x64
		{470050A2-7121-4D55-B2F3-A07B03E0D361}.Release|x64.Build.0 = Release|x64
		{470050A2-7121-4D55-B2F3-A07B03E0D361}.Release|x86.ActiveCfg = Release|Win32
		{470050A2-7121-4D55-B2F3-A07B03E0D361}.Release|x86.Build.0 = Release|Win32
		{A7AC855E-54A2-4888-A18B-BC1DCED5F9DC}.Debug|x64.ActiveCfg = Debug|x64
		{A7AC855E-54A2-4888-A18B-BC1DCED5F9DC}.Debug|x64.Build.0 = Debug|x64
		{A7AC855E-54A2-4888-A18B-BC1DCED5F9DC}.Debug|x86.ActiveCfg = Debug|Win32
		{A7AC855E-54A2-4888-A18B-BC1DCED5F9DC}.Debug|x86.Build.0 = Debug|Win32
		{A7AC855E-54A2-4888-A18B-BC1DCED5F9DC}.Release|x64.ActiveCfg = Release|x64
		{A7AC855E-54A2-4888-A18B-BC1DCED5F9DC}.Release|x64.Build.0 = Release|x64
		{A7AC855E-54A2-4888-A18B-BC1DCED5F9DC}.Release|x86.ActiveCfg = Release|Win32
		{A7AC855E-54A2-4888-A18B-BC1DCED5F9DC}.Release|x86.Build.0 = Release|Win32
		{6FB8D596-2D3D-4E37-8BDC-D80DAE0D780A}.Debug|x64.ActiveCfg = Debug|x64
		{6FB8D596-2D3D-4E37-8BDC-D80DAE0D780A}.Debug|x64.Build.0 = Debug|x64
		{6FB8D596-2D3D-4E37-8BDC-D80DAE0D780A}.Debug|x86.ActiveCfg = Debug|Win32
		{6FB8D596-2D3D-4E37-8BDC-D80DAE0D780A}.Debug|x86.Build.0 = Debug|Win32
		{6FB8D596-2D3D-4E37-8BDC-D80DAE0D780A}.Release|x64.ActiveCfg = Release|x64
		{6FB8D596-2D3D-4E37-8BDC-D80DAE0D780A}.Release|x64.Build.0 = Release|x64
		{6FB8D596-2D3D-4E37-8BDC-D80DAE0D780A}.Release|x86.ActiveCfg = Release|Win32
		{6FB8D596-2D3D-4E37-8BDC-D80DAE0D780A}.Release|x86.Build.0 = Release|Win32
		{10822080-7E4E-4FE1-8A6B-4B6A72E2C28E}.Debug|x64.ActiveCfg = Debug|x64
		{10822080-7E4E-4FE1-8A6B-4B6A72E2C28E}.Debug|x64.Build.0 = Debug|x64
		{10822080-7E4E-4FE1-8A6B-4B6A72E2C28E}.Debug|x86.ActiveCfg = Debug|Win32
		{10822080-7E4E-4FE1-8A6B-4B6A72E2C28E}.Debug|x86.Build.0 = Debug|Win32
		{10822080-7E4E-4FE1-8A6B-4B6A72E2C28E}.Release|x64.ActiveCfg = Release|x64
		{10822080-7E4E-4FE1-8A6B-4B6A72E2C28E}.Release|x64.Build.0 = Release|x64
		{10822080-7E4E-4FE1-8A6B-4B6A72E2C28E}.Release|x86.ActiveCfg = Release|Win32
		{10822080-7E4E-4FE1-8A6B-4B6A72E2C28E}.Release|x86.Build.0 = Release|Win32
		{E38792DE-01DF-4BB7-B7AC-1C2A399069A8}.Debug|x64.ActiveCfg = Debug|x64
		{E38792DE-01DF-4BB7-B7AC-1C2A399069A8}.Debug|x64.Build.0 = Debug|x64
		{E38792DE-01DF-4BB7-B7AC-1C2A399069A8}.Debug|x86.ActiveCfg = Debug|Win32
		{E38792DE-01DF-4BB7-B7AC-1C2A399069A8}.Debug|x86.Build.0 = Debug|Win32
		{E38792DE-01DF-4BB7-B7AC-1C2A399069A8}.Release|x64.ActiveCfg = Release|x64
		{E38792DE-01DF-4BB7-B7AC-1C2A399069A8}.Release|x64.Build.0 = Release|x64
		{E38792DE-01DF-4BB7-B7AC-1C2A399069A8}.Release|x86.ActiveCfg = Release|Win32
		{E38792DE-01DF-4BB7-B7AC-1C2A399069A8}.Release|x86.Build.0 = Release|Win32
		{B371EE97-DA50-4B0B-9142-1DF03BF7D7D6}.Debug|x64.ActiveCfg = Debug|x64
		{B371EE97-DA50-4B0B-9142-1DF03BF7D7D6}.Debug|x64.Build.0 = Debug|x64
		{B371EE97-DA50-4B0B-9142-1DF03BF7D7D6}.Debug|x86.ActiveCfg = Debug|Win32
		{B371EE97-DA50-4B0B-9142-1DF03BF7D7D6}.Debug|x86.Build.0 = Debug|Win32
		{B371EE97-DA50-4B0B-9142-1DF03BF7D7D6}.Release|x64.ActiveCfg = Release|x64
		{B371EE97-DA50-4B0B-9142-1DF03BF7D7D6}.Release|x64.Build.0 = Release|x64
		{B371EE97-DA50-4B0B-9142-1DF03BF7D7D6}.Release|x86.ActiveCfg = Release|Win32
		{B371EE97-DA50-4B0B-9142-1DF03BF7D7D6}.Release|x86.Build.0 = Release|Win32
		{AED3AF9B-6EFA-4C60-8CAE-A3D909CAEB37}.Debug|x64.ActiveCfg = Debug|x64
		{AED3AF9B-6EFA-4C60-8CAE-A3D909CAEB37}.Debug|x64.Build.0 = Debug|x64
		{AED3AF9B-6EFA-4C60-8CAE-A3D909CAEB37}.Debug|x86.ActiveCfg = Debug|Win32
		{AED3AF9B-6EFA-4C60-8CAE-A3D909CAEB37}.Debug|x86.Build.0 = Debug|Win32
		{AED3AF9B-6EFA-4C60-8CAE-A3D909CAEB37}.Release|x64.ActiveCfg = Release|x64
		{AED3AF9B-6EFA-4C60-8CAE-A3D909CAEB37}.Release|x64.Build.0 = Release|x64
		{AED3AF9B-6EFA-4C60-8CAE-A3D909CAEB37}.Release|x86.ActiveCfg = Release|Win32
		{AED3AF9B-6EFA-4C60-8CAE-A3D909CAEB37}.Release|x86.Build.0 = Release|Win32
		{A1030A2D-27C5-467C-91CE-2ADA01B648AA}.Debug|x64.ActiveCfg = Debug|x64
		{A1030A2D-27C5-467C-91CE-2ADA01B648AA}.Debug|x64.Build.0 = Debug|x64
		{A1030A2D-27C5-467C-91CE-2ADA01B648AA}.Debug|x86.ActiveCfg = Debug|Win32
		{A1030A2D-27C5-467C-91CE-2ADA01B648AA}.Debug|x86.Build.0 = Debug|Win32
		{A1030A2D-27C5-467C-91CE-2ADA01B648AA}.Release|x64.ActiveCfg = Release|x64
		{A1030A2D-27C5-467C-91CE-2ADA01B648AA}.Release|x64.Build.0 = Release|x64
		{A1030A2D-27C5-467C-91CE-2ADA01B648AA}.Release|x86.ActiveCfg = Release|Win32
		{A1030A2D-27C5-467C-91CE-2ADA01B648AA}.Release|x86.Build.0 = Release|Win32
		{476E8218-9B98-4C4C-B408-3924A2F08AD4}.Debug|x64.ActiveCfg = Debug|x64
		{476E8218-9B98-4C4C-B408-3924A2F08AD4}.Debug|x64.Build.0 = Debug|x64
		{476E8218-9B98-4C4C-B408-3924A2F08AD4}.Debug|x86.ActiveCfg = Debug|Win32
		{476E8218-9B98-4C4C-B408-3924A2F08AD4}.Debug|x86.Build.0 = Debug|Win32
		{476E8218-9B98-4C4C-B408-3924A2F08AD4}.Release|x64.ActiveCfg = Release|x64
		{476E8218-9B98-4C4C-B408-3924A2F08AD4}.Release|x64.Build.0 = Release|x64
		{476E8218-9B98-4C4C-B408-3924A2F08AD4}.Release|x86.ActiveCfg = Release|Win32
		{476E8218-9B98-4C4C-B408-3924A2F08AD4}.Release|x86.Build.0 = Release|Win32
		{1FB31DD6-45F1-4460-8E4B-CE3CDEFE5217}.Debug|x64.ActiveCfg = Debug|x64
		{1FB31DD6-45F1-4460-8E4B-CE3CDEFE5217}.Debug|x64.Build.0 = Debug|x64
		{1FB31DD6-45F1-4460-8E4B-CE3CDEFE5217}.Debug|x86.ActiveCfg = Debug|Win32
		{1FB31DD6-45F1-4460-8E4B-CE3CDEFE5217}.Debug|x86.Build.0 = Debug|Win32
		{1FB31DD6-45F1-4460-8E4B-CE3CDEFE5217}.Release|x64.ActiveCfg = Release|x64
		{1FB31DD6-45F1-4460-8E4B-CE3CDEFE5217}.Release|x64.Build.0 = Release|x64
		{1FB31DD6-45F1-4460-8E4B-CE3CDEFE5217}.Release|x86.ActiveCfg = Release|Win32
		{1FB31DD6-45F1-4460-8E4B-CE3CDEFE5217}.Release|x86.Build.0 = Release|Win32
		{B6AC1EED-1C1A-47C3-8879-80B06FDCE586}.Debug|x64.ActiveCfg = Debug|x64
		{B6AC1EED-1C1A-47C3-8879-80B06FDCE586}.Debug|x64.Build.0 = Debug|x64
		{B6AC1EED-1C1A-47C3-8879-80B06FDCE586}.Debug|x86.ActiveCfg = Debug|Win32
		{B6AC1EED-1C1A-47C3-8879-80B06FDCE586}.Debug|x86.Build.0 = Debug|Win32
		{B6AC1EED-1C1A-47C3-8879-80B06FDCE586}.Release|x64.ActiveCfg = Release|x64
		{B6AC1EED-1C1A-47C3-8879-80B06FDCE586}.Release|x64.Build.0 = Release|x64
		{B6AC1EED-1C1A-47C3-8879-80B06FDCE586}.Release|x86.ActiveCfg = Release|Win32
		{B6AC1EED-1C1A-47C3-8879-80B06FDCE586}.Release|x86.Build.0 = Release|Win32
		{8BFFF320-E4B6-484C-B30C-722FAE4A0042}.Debug|x64.ActiveCfg = Debug|x64
		{8BFFF320-E4B6-484C-B30C-722FAE4A0042}.Debug|x64.Build.0 = Debug|x64
		{8BFFF320-E4B6-484C-B30C-722FAE4A0042}.Debug|x86.ActiveCfg = Debug|Win32
		{8BFFF320-E4B6-484C-B30C-722FAE4A0042}.Debug|x86.Build.0 = Debug|Win32
		{8BFFF320-E4B6-484C-B30C-722FAE4A0042}.Release|x64.ActiveCfg = Release|x64
		{8BFFF320-E4B6-484C-B30C-722FAE4A0042}.Release|x64.Build.0 = Release|x64
		{8BFFF320-E4B6-484C-B30C-722FAE4A0042}.Release|x86.ActiveCfg = Release|Win32
		{8BFFF320-E4B6-484C-B30C-722FAE4A0042}.Release|x86.Build.0 = Release|Win32
		{DD0B1029-91E4-43EC-91DC-7A72D9F0AC1B}.Debug|x64.ActiveCfg = Debug|x64
		{DD0B1029-91E4-43EC-91DC-7A72D9F0AC1B}.Debug|x64.Build.0 = Debug|x64
		{DD0B1029-91E4-43EC-91DC-7A72D9F0AC1B}.Debug|x86.ActiveCfg = Debug|Win32
		{DD0B1029-91E4-43EC-91DC-7A72D9F0AC1B}.Debug|x86.Build.0 = Debug|Win32
		{DD0B1029-91E4-43EC-91DC-7A72D9F0AC1B}.Release|x64.ActiveCfg = Release|x64
		{DD0B1029-91E4-43EC-91DC-7A72D9F0AC1B}.Release|x64.Build.0 = Release|x64
		{DD0B1029-91E4-43EC-91DC-7A72D9F0AC1B}.Release|x86.ActiveCfg = Release|Win32
		{DD0B1029-91E4-43EC-91DC-7A72D9F0AC1B}.Release|x86.Build.0 = Release|Win32
		{AA0BA095-BA21-4F53-BF9B-32F88DFDA00F}.Debug|x64.ActiveCfg = Debug|x64
		{AA0BA095-BA21-4F53-BF9B-32F88DFDA00F}.Debug|x64.Build.0 = Debug|x64
		{AA0BA095-BA21-4F53-BF9B-32F88DFDA00F}.Debug|x86.ActiveCfg = Debug|Win32
		{AA0BA095-BA21-4F53-BF9B-32F88DFDA00F}.Debug|x86.Build.0 = Debug|Win32
		{AA0BA095-BA21-4F53-BF9B-32F88DFDA00F}.Release|x64.ActiveCfg = Release|x64
		{AA0BA095-BA21-4F53-BF9B-32F88DFDA00F}.Release|x64.Build.0 = Release|x64
		{AA0BA095-BA21-4F53-BF9B-32F88DFDA00F}.Release|x86.ActiveCfg = Release|Win32
		{AA0BA095-BA21-4F53-BF9B-32F88DFDA00F}.Release|x86.Build.0 = Release|Win32
		{6B3A3219-BD70-48DF-B9E0-94F9EB59307D}.Debug|x64.ActiveCfg = Debug|x64
		{6B3A3219-BD70-48DF-B9E0-94F9EB59307D}.Debug|x64.Build.0 = Debug|x64
		{6B3A3219-BD70-48DF-B9E0-94F9EB59307D}.Debug|x86.ActiveCfg = Debug|Win32
		{6B3A3219-BD70-48DF-B9E0-94F9EB59307D}.Debug|x86.Build.0 = Debug|Win32
		{6B3A3219-BD70-48DF-B9E0-94F9EB59307D}.Release|x64.ActiveCfg = Release|x64
		{6B3A3219-BD70-48DF-B9E0-94F9EB59307D}.Release|x64.Build.0 = Release|x64
		{6B3A3219-BD70-48DF-B9E0-94F9EB59307D}.Release|x86.ActiveCfg = Release|Win32
		{6B3A3219-BD70-48DF-B9E0-94F9EB59307D}.Release|x86.Build.0 = Release|Win32
	EndGlobalSection
	GlobalSection(SolutionProperties) = preSolution
		HideSolutionNode = FALSE
	EndGlobalSection
	GlobalSection(ExtensibilityGlobals) = postSolution
		SolutionGuid = {36C55660-A732-45C0-8C27-981EB74A39D9}
	EndGlobalSection
EndGlobal
